<?xml version="1.0" encoding="utf-8"?>
<Project ToolsVersion="4.0" xmlns="http://schemas.microsoft.com/developer/msbuild/2003">
  <ItemGroup>
    <Filter Include="리소스 파일">
      <UniqueIdentifier>{67DA6AB6-F800-4c08-8B7A-83BB121AAD01}</UniqueIdentifier>
      <Extensions>rc;ico;cur;bmp;dlg;rc2;rct;bin;rgs;gif;jpg;jpeg;jpe;resx;tiff;tif;png;wav;mfcribbon-ms</Extensions>
    </Filter>
    <Filter Include="Scene">
      <UniqueIdentifier>{6f661e82-5ee9-4dec-a800-ce3edc266130}</UniqueIdentifier>
    </Filter>
    <Filter Include="main">
      <UniqueIdentifier>{de5e04fe-559e-4f75-8b24-266c5a3d937c}</UniqueIdentifier>
    </Filter>
    <Filter Include="Editor">
      <UniqueIdentifier>{4902d164-367a-47c1-b007-f40ace5a9558}</UniqueIdentifier>
    </Filter>
  </ItemGroup>
  <ItemGroup>
    <ClInclude Include="targetver.h">
      <Filter>main</Filter>
    </ClInclude>
    <ClInclude Include="EngineTT.h">
      <Filter>main</Filter>
    </ClInclude>
    <ClInclude Include="framework.h">
      <Filter>main</Filter>
    </ClInclude>
    <ClInclude Include="Resource.h">
      <Filter>main</Filter>
    </ClInclude>
    <ClInclude Include="chEditor.h">
      <Filter>Editor</Filter>
    </ClInclude>
    <ClInclude Include="..\Editor_SOURCE\chDebugObject.h" />
    <ClInclude Include="..\Editor_SOURCE\chEditorObject.h" />
    <ClInclude Include="..\Editor_SOURCE\chWidget.h" />
  </ItemGroup>
  <ItemGroup>
    <ResourceCompile Include="EngineTT.rc">
      <Filter>리소스 파일</Filter>
    </ResourceCompile>
  </ItemGroup>
  <ItemGroup>
    <Image Include="small.ico">
      <Filter>리소스 파일</Filter>
    </Image>
    <Image Include="EngineTT.ico">
      <Filter>리소스 파일</Filter>
    </Image>
  </ItemGroup>
  <ItemGroup>
    <ClCompile Include="main.cpp">
      <Filter>main</Filter>
    </ClCompile>
    <ClCompile Include="chEditor.cpp">
      <Filter>Editor</Filter>
    </ClCompile>
    <ClCompile Include="..\Editor_SOURCE\chDebugObject.cpp" />
    <ClCompile Include="..\Editor_SOURCE\chEditorObject.cpp" />
    <ClCompile Include="..\Editor_SOURCE\chWidget.cpp" />
  </ItemGroup>
</Project>