<?xml version="1.0" encoding="utf-8"?>
<Project ToolsVersion="4.0" xmlns="http://schemas.microsoft.com/developer/msbuild/2003">
  <ItemGroup>
    <Filter Include="리소스 파일">
      <UniqueIdentifier>{67DA6AB6-F800-4c08-8B7A-83BB121AAD01}</UniqueIdentifier>
      <Extensions>rc;ico;cur;bmp;dlg;rc2;rct;bin;rgs;gif;jpg;jpeg;jpe;resx;tiff;tif;png;wav;mfcribbon-ms</Extensions>
    </Filter>
    <Filter Include="Common">
      <UniqueIdentifier>{a209e06a-0630-4d6e-b9dd-2b32c765b54d}</UniqueIdentifier>
    </Filter>
    <Filter Include="Component">
      <UniqueIdentifier>{675b8e7e-1506-4592-b1c1-85e729cf0852}</UniqueIdentifier>
    </Filter>
    <Filter Include="GameObject">
      <UniqueIdentifier>{127c915e-3e77-43ad-a263-ce9b8589fe38}</UniqueIdentifier>
    </Filter>
    <Filter Include="Graphics">
      <UniqueIdentifier>{cb09cd99-ced5-4fd6-a2dd-c60365923bf3}</UniqueIdentifier>
    </Filter>
    <Filter Include="High Level Interface">
      <UniqueIdentifier>{3b75efb4-fc48-4646-b3bb-33f88906fffe}</UniqueIdentifier>
    </Filter>
    <Filter Include="Input">
      <UniqueIdentifier>{294ff0f7-171e-4996-9a34-4da5231f5d57}</UniqueIdentifier>
    </Filter>
    <Filter Include="Renderer">
      <UniqueIdentifier>{01e35472-b550-44ff-8985-a37d836b33d2}</UniqueIdentifier>
    </Filter>
    <Filter Include="Resource">
      <UniqueIdentifier>{dcb90891-0ebd-4d82-8653-27eba5832c7c}</UniqueIdentifier>
    </Filter>
    <Filter Include="Scene">
      <UniqueIdentifier>{d7c6ed95-4756-4990-9eb0-2bbb9e49c335}</UniqueIdentifier>
    </Filter>
    <Filter Include="Time">
      <UniqueIdentifier>{b5c09be0-bc26-4903-b39f-4b026e069d0b}</UniqueIdentifier>
    </Filter>
    <Filter Include="Common\Math">
      <UniqueIdentifier>{38252c66-fedb-4997-a7c0-19d6f03b416b}</UniqueIdentifier>
    </Filter>
    <Filter Include="Component\Camera">
      <UniqueIdentifier>{314ad4c1-5079-4691-9c19-fecd732fdc4b}</UniqueIdentifier>
    </Filter>
    <Filter Include="Component\Renderer">
      <UniqueIdentifier>{debf9f8c-2fd3-4881-a2f3-c67dba36a640}</UniqueIdentifier>
    </Filter>
    <Filter Include="Component\Script">
      <UniqueIdentifier>{c1564986-0591-4617-9866-089f0787abc9}</UniqueIdentifier>
    </Filter>
    <Filter Include="Component\Transform">
      <UniqueIdentifier>{dcf5e6c0-251d-484c-bc28-64eb5e411828}</UniqueIdentifier>
    </Filter>
    <Filter Include="Resource\Manager">
      <UniqueIdentifier>{75eda47e-7ecc-4cf7-b7ad-95ba0bcd61f4}</UniqueIdentifier>
    </Filter>
    <Filter Include="Resource\Material">
      <UniqueIdentifier>{5eb6e8a3-5ce9-45e0-9167-809b025890db}</UniqueIdentifier>
    </Filter>
    <Filter Include="Resource\Mesh">
      <UniqueIdentifier>{23b969e2-18be-4bc9-8713-316c8e46f737}</UniqueIdentifier>
    </Filter>
    <Filter Include="Resource\Shader">
      <UniqueIdentifier>{dd54afc4-8c12-43c0-a32a-3ce5a7e3d7cf}</UniqueIdentifier>
    </Filter>
    <Filter Include="Resource\Texture">
      <UniqueIdentifier>{3c0afb29-6906-44ac-b076-f6addaaf0865}</UniqueIdentifier>
    </Filter>
    <Filter Include="기타">
      <UniqueIdentifier>{2a78ee55-7b31-4abe-8000-4155008ad9cf}</UniqueIdentifier>
    </Filter>
    <Filter Include="Component\Script\Contents">
      <UniqueIdentifier>{56c26b97-cd5a-4b2e-a3c1-22826c858fa2}</UniqueIdentifier>
    </Filter>
    <Filter Include="Component\FadeEffect">
      <UniqueIdentifier>{2a42bdce-4208-4235-944f-612acaf2a66b}</UniqueIdentifier>
    </Filter>
    <Filter Include="Resource\Script">
      <UniqueIdentifier>{783d47f2-a162-4ae8-af5a-728c7217ddec}</UniqueIdentifier>
    </Filter>
    <Filter Include="Scene\Base">
      <UniqueIdentifier>{b4a37c82-18fe-481f-b829-41bae9478c6e}</UniqueIdentifier>
    </Filter>
    <Filter Include="Scene\Layer">
      <UniqueIdentifier>{4efbcf6d-830f-4700-b53f-e553c9b004e4}</UniqueIdentifier>
    </Filter>
    <Filter Include="Scene\Manager">
      <UniqueIdentifier>{d4ddaf26-8496-46fb-a846-65a1abc6011e}</UniqueIdentifier>
    </Filter>
    <Filter Include="Scene\PlayGameScenes">
      <UniqueIdentifier>{c32528c7-3450-4147-a1f3-8e47457e63b4}</UniqueIdentifier>
    </Filter>
    <Filter Include="Component\Collider">
      <UniqueIdentifier>{4b0d9d8e-0e2b-4209-96df-53068abfd706}</UniqueIdentifier>
    </Filter>
    <Filter Include="Component\Collider\Manager">
      <UniqueIdentifier>{04f2556d-08bc-40f1-89a0-efbce3ecb31d}</UniqueIdentifier>
    </Filter>
    <Filter Include="Resource\Prefab">
      <UniqueIdentifier>{bc2873d9-4bd3-4f12-ac5b-c51154bf728d}</UniqueIdentifier>
    </Filter>
    <Filter Include="GameObject\GunChar">
      <UniqueIdentifier>{5194c325-018c-4d19-a309-76f8864f31b9}</UniqueIdentifier>
    </Filter>
    <Filter Include="Component\Animator">
      <UniqueIdentifier>{a14fb13f-ec29-486c-abee-e1fa09575136}</UniqueIdentifier>
    </Filter>
    <Filter Include="Component\chScript">
      <UniqueIdentifier>{e8b8d462-f454-4bd9-8765-64ef5265ad26}</UniqueIdentifier>
    </Filter>
    <Filter Include="GameObject\chPlayer">
      <UniqueIdentifier>{932f4a06-4b00-443a-adf4-5cf865ab6b0b}</UniqueIdentifier>
    </Filter>
    <Filter Include="GameObject\chMonster">
      <UniqueIdentifier>{1c8c68b8-b180-4ef4-b668-27f8358888ba}</UniqueIdentifier>
    </Filter>
    <Filter Include="GameObject\UI">
      <UniqueIdentifier>{d743dfe3-9319-49ba-8bfd-1e068768e3e5}</UniqueIdentifier>
    </Filter>
  </ItemGroup>
  <ItemGroup>
    <ClInclude Include="chMath.h">
      <Filter>Common\Math</Filter>
    </ClInclude>
    <ClInclude Include="chGraphicDevice_DX11.h">
      <Filter>Graphics</Filter>
    </ClInclude>
    <ClInclude Include="CommonInclude.h">
      <Filter>Common</Filter>
    </ClInclude>
    <ClInclude Include="chApplication.h">
      <Filter>High Level Interface</Filter>
    </ClInclude>
    <ClInclude Include="framework.h">
      <Filter>기타</Filter>
    </ClInclude>
    <ClInclude Include="chEngine.h">
      <Filter>Common</Filter>
    </ClInclude>
    <ClInclude Include="chEntity.h">
      <Filter>Common</Filter>
    </ClInclude>
    <ClInclude Include="chEnums.h">
      <Filter>Common</Filter>
    </ClInclude>
    <ClInclude Include="chCamera.h">
      <Filter>Component\Camera</Filter>
    </ClInclude>
    <ClInclude Include="chMeshRenderer.h">
      <Filter>Component\Renderer</Filter>
    </ClInclude>
    <ClInclude Include="chSpriteRenderer.h">
      <Filter>Component\Renderer</Filter>
    </ClInclude>
    <ClInclude Include="chScript.h">
      <Filter>Component\Script</Filter>
    </ClInclude>
    <ClInclude Include="chCameraScript.h">
      <Filter>Component\Script</Filter>
    </ClInclude>
    <ClInclude Include="chTransform.h">
      <Filter>Component\Transform</Filter>
    </ClInclude>
    <ClInclude Include="chComponent.h">
      <Filter>Component</Filter>
    </ClInclude>
    <ClInclude Include="chGameObject.h">
      <Filter>GameObject</Filter>
    </ClInclude>
    <ClInclude Include="chGraphics.h">
      <Filter>Graphics</Filter>
    </ClInclude>
    <ClInclude Include="chInput.h">
      <Filter>Input</Filter>
    </ClInclude>
    <ClInclude Include="chTime.h">
      <Filter>Time</Filter>
    </ClInclude>
    <ClInclude Include="chRenderer.h">
      <Filter>Renderer</Filter>
    </ClInclude>
    <ClInclude Include="chResource.h">
      <Filter>Resource</Filter>
    </ClInclude>
    <ClInclude Include="chResources.h">
      <Filter>Resource\Manager</Filter>
    </ClInclude>
    <ClInclude Include="chMaterial.h">
      <Filter>Resource\Material</Filter>
    </ClInclude>
    <ClInclude Include="chMesh.h">
      <Filter>Resource\Mesh</Filter>
    </ClInclude>
    <ClInclude Include="chTexture.h">
      <Filter>Resource\Texture</Filter>
    </ClInclude>
    <ClInclude Include="chObject.h">
      <Filter>GameObject</Filter>
    </ClInclude>
    <ClInclude Include="chFadeEffect.h">
      <Filter>Component\FadeEffect</Filter>
    </ClInclude>
    <ClInclude Include="chLayer.h">
      <Filter>Scene\Layer</Filter>
    </ClInclude>
    <ClInclude Include="chSceneManager.h">
      <Filter>Scene\Manager</Filter>
    </ClInclude>
    <ClInclude Include="chScene.h">
      <Filter>Scene\Base</Filter>
    </ClInclude>
    <ClInclude Include="chPlayScene.h">
      <Filter>Scene\PlayGameScenes</Filter>
    </ClInclude>
    <ClInclude Include="chTitleScene.h">
      <Filter>Scene\PlayGameScenes</Filter>
    </ClInclude>
    <ClInclude Include="chConstantBuffer.h">
      <Filter>Graphics</Filter>
    </ClInclude>
    <ClInclude Include="chBaseRenderer.h">
      <Filter>Renderer</Filter>
    </ClInclude>
    <ClInclude Include="chGridScript.h">
      <Filter>Resource\Script</Filter>
    </ClInclude>
    <ClInclude Include="chCollisionManager.h">
      <Filter>Component\Collider\Manager</Filter>
    </ClInclude>
    <ClInclude Include="chColider.h">
      <Filter>Component\Collider</Filter>
    </ClInclude>
    <ClInclude Include="chPrefab.h">
      <Filter>Resource\Prefab</Filter>
    </ClInclude>
    <ClInclude Include="chCollider2D.h">
      <Filter>Component\Collider</Filter>
    </ClInclude>
    <ClInclude Include="chCollider3D.h">
      <Filter>Component\Collider</Filter>
    </ClInclude>
    <ClInclude Include="chShader.h">
      <Filter>Resource\Shader</Filter>
    </ClInclude>
    <ClInclude Include="mainPlayer.h">
      <Filter>GameObject\GunChar</Filter>
    </ClInclude>
    <ClInclude Include="chPlayerSprite.h">
      <Filter>GameObject\GunChar</Filter>
    </ClInclude>
    <ClInclude Include="chMainMenuScene.h">
      <Filter>Scene\PlayGameScenes</Filter>
    </ClInclude>
    <ClInclude Include="chLight.h" />
    <ClInclude Include="chStructedBuffer.h" />
    <ClInclude Include="chAnimation.h">
      <Filter>Component\Animator</Filter>
    </ClInclude>
    <ClInclude Include="chAnimator.h">
      <Filter>Component\Animator</Filter>
    </ClInclude>
    <ClInclude Include="chPlayer.h">
      <Filter>Component\Script\Contents</Filter>
    </ClInclude>
    <ClInclude Include="chMonster.h">
      <Filter>Component\Script\Contents</Filter>
    </ClInclude>
    <ClInclude Include="chPlayerScript.h">
      <Filter>Component\Script\Contents</Filter>
    </ClInclude>
    <ClInclude Include="mainPlayerScript.h">
      <Filter>GameObject\GunChar</Filter>
    </ClInclude>
    <ClInclude Include="chMouseCursorScript.h">
      <Filter>GameObject\UI</Filter>
    </ClInclude>
  </ItemGroup>
  <ItemGroup>
    <ClCompile Include="chMath.cpp">
      <Filter>Common\Math</Filter>
    </ClCompile>
    <ClCompile Include="chGraphicDevice_DX11.cpp">
      <Filter>Graphics</Filter>
    </ClCompile>
    <ClCompile Include="chApplication.cpp">
      <Filter>High Level Interface</Filter>
    </ClCompile>
    <ClCompile Include="Engine_SOURCE.cpp">
      <Filter>기타</Filter>
    </ClCompile>
    <ClCompile Include="chEntity.cpp">
      <Filter>Common</Filter>
    </ClCompile>
    <ClCompile Include="chCamera.cpp">
      <Filter>Component\Camera</Filter>
    </ClCompile>
    <ClCompile Include="chMeshRenderer.cpp">
      <Filter>Component\Renderer</Filter>
    </ClCompile>
    <ClCompile Include="chSpriteRenderer.cpp">
      <Filter>Component\Renderer</Filter>
    </ClCompile>
    <ClCompile Include="chScript.cpp">
      <Filter>Component\Script</Filter>
    </ClCompile>
    <ClCompile Include="chCameraScript.cpp">
      <Filter>Component\Script</Filter>
    </ClCompile>
    <ClCompile Include="chTransform.cpp">
      <Filter>Component\Transform</Filter>
    </ClCompile>
    <ClCompile Include="chComponent.cpp">
      <Filter>Component</Filter>
    </ClCompile>
    <ClCompile Include="chGameObject.cpp">
      <Filter>GameObject</Filter>
    </ClCompile>
    <ClCompile Include="chInput.cpp">
      <Filter>Input</Filter>
    </ClCompile>
    <ClCompile Include="chTime.cpp">
      <Filter>Time</Filter>
    </ClCompile>
    <ClCompile Include="chRenderer.cpp">
      <Filter>Renderer</Filter>
    </ClCompile>
    <ClCompile Include="chResource.cpp">
      <Filter>Resource</Filter>
    </ClCompile>
    <ClCompile Include="chResources.cpp">
      <Filter>Resource\Manager</Filter>
    </ClCompile>
    <ClCompile Include="chMaterial.cpp">
      <Filter>Resource\Material</Filter>
    </ClCompile>
    <ClCompile Include="chMesh.cpp">
      <Filter>Resource\Mesh</Filter>
    </ClCompile>
    <ClCompile Include="chShader.cpp">
      <Filter>Resource\Shader</Filter>
    </ClCompile>
    <ClCompile Include="chTexture.cpp">
      <Filter>Resource\Texture</Filter>
    </ClCompile>
    <ClCompile Include="chFadeEffect.cpp">
      <Filter>Component\FadeEffect</Filter>
    </ClCompile>
    <ClCompile Include="chLayer.cpp">
      <Filter>Scene\Layer</Filter>
    </ClCompile>
    <ClCompile Include="chSceneManager.cpp">
      <Filter>Scene\Manager</Filter>
    </ClCompile>
    <ClCompile Include="chScene.cpp">
      <Filter>Scene\Base</Filter>
    </ClCompile>
    <ClCompile Include="chPlayScene.cpp">
      <Filter>Scene\PlayGameScenes</Filter>
    </ClCompile>
    <ClCompile Include="chTitleScene.cpp">
      <Filter>Scene\PlayGameScenes</Filter>
    </ClCompile>
    <ClCompile Include="chConstantBuffer.cpp">
      <Filter>Graphics</Filter>
    </ClCompile>
    <ClCompile Include="chBaseRenderer.cpp">
      <Filter>Renderer</Filter>
    </ClCompile>
    <ClCompile Include="chGridScript.cpp">
      <Filter>Resource\Script</Filter>
    </ClCompile>
    <ClCompile Include="chCollisionManager.cpp">
      <Filter>Component\Collider\Manager</Filter>
    </ClCompile>
    <ClCompile Include="chColider.cpp">
      <Filter>Component\Collider</Filter>
    </ClCompile>
    <ClCompile Include="chPrefab.cpp">
      <Filter>Resource\Prefab</Filter>
    </ClCompile>
    <ClCompile Include="chCollider2D.cpp">
      <Filter>Component\Collider</Filter>
    </ClCompile>
    <ClCompile Include="chCollider3D.cpp">
      <Filter>Component\Collider</Filter>
    </ClCompile>
    <ClCompile Include="mainPlayer.cpp">
      <Filter>GameObject\GunChar</Filter>
    </ClCompile>
    <ClCompile Include="chPlayerSprite.cpp">
      <Filter>GameObject\GunChar</Filter>
    </ClCompile>
    <ClCompile Include="chMainMenuScene.cpp">
      <Filter>Scene\PlayGameScenes</Filter>
    </ClCompile>
    <ClCompile Include="chLight.cpp" />
    <ClCompile Include="chStructedBuffer.cpp" />
    <ClCompile Include="chAnimation.cpp">
      <Filter>Component\Animator</Filter>
    </ClCompile>
    <ClCompile Include="chAnimator.cpp">
      <Filter>Component\Animator</Filter>
    </ClCompile>
    <ClCompile Include="chPlayer.cpp">
      <Filter>Component\Script\Contents</Filter>
    </ClCompile>
    <ClCompile Include="chMonster.cpp">
      <Filter>Component\Script\Contents</Filter>
    </ClCompile>
    <ClCompile Include="chPlayerScript.cpp">
      <Filter>Component\Script\Contents</Filter>
    </ClCompile>
    <ClCompile Include="mainPlayerScript.cpp">
      <Filter>GameObject\GunChar</Filter>
    </ClCompile>
    <ClCompile Include="chMouseCursorScript.cpp">
      <Filter>GameObject\UI</Filter>
    </ClCompile>
  </ItemGroup>
  <ItemGroup>
    <None Include="chMath.inl">
      <Filter>Common\Math</Filter>
    </None>
  </ItemGroup>
</Project>